
Microsoft Visual Studio Solution File, Format Version 12.00
# Visual Studio Version 17
VisualStudioVersion = 17.1.32210.238
MinimumVisualStudioVersion = 10.0.40219.1
Project("{8BC9CEB8-8B4A-11D0-8D11-00A0C91BC942}") = "SFML_SimpleGames", "SFML_SimpleGames\SFML_SimpleGames.vcxproj", "{D69F2F29-1570-4823-AF16-9E44C4AC6B24}"
EndProject
Global
	GlobalSection(SolutionConfigurationPlatforms) = preSolution
		Debug|x64 = Debug|x64
		Debug|x86 = Debug|x86
		Release|x64 = Release|x64
		Release|x86 = Release|x86
	EndGlobalSection
	GlobalSection(ProjectConfigurationPlatforms) = postSolution
		{D69F2F29-1570-4823-AF16-9E44C4AC6B24}.Debug|x64.ActiveCfg = Debug|x64
		{D69F2F29-1570-4823-AF16-9E44C4AC6B24}.Debug|x64.Build.0 = Debug|x64
		{D69F2F29-1570-4823-AF16-9E44C4AC6B24}.Debug|x86.ActiveCfg = Debug|Win32
		{D69F2F29-1570-4823-AF16-9E44C4AC6B24}.Debug|x86.Build.0 = Debug|Win32
		{D69F2F29-1570-4823-AF16-9E44C4AC6B24}.Release|x64.ActiveCfg = Release|x64
		{D69F2F29-1570-4823-AF16-9E44C4AC6B24}.Release|x64.Build.0 = Release|x64
		{D69F2F29-1570-4823-AF16-9E44C4AC6B24}.Release|x86.ActiveCfg = Release|Win32
		{D69F2F29-1570-4823-AF16-9E44C4AC6B24}.Release|x86.Build.0 = Release|Win32
	EndGlobalSection
	GlobalSection(SolutionProperties) = preSolution
		HideSolutionNode = FALSE
	EndGlobalSection
	GlobalSection(ExtensibilityGlobals) = postSolution
		SolutionGuid = {AAB34021-4DC7-4647-904B-F9632B0DC32F}
	EndGlobalSection
EndGlobal
